PODS:
  - AppNexusSDK (4.11):
    - AppNexusSDK/AppNexusSDK (= 4.11)
  - AppNexusSDK/AppNexusSDK (4.11)
  - AppNexusSDK/GoogleAdapter (4.11):
    - AppNexusSDK/AppNexusSDK (= 4.11)
  - AWSCore (2.6.30)

DEPENDENCIES:
  - AppNexusSDK
  - AppNexusSDK/GoogleAdapter
  - AWSCore

SPEC REPOS:
  https://github.com/cocoapods/specs.git:
    - AppNexusSDK
    - AWSCore

SPEC CHECKSUMS:
  AppNexusSDK: c3ca44e94e41bb530b13690417e0230f7b37d87d
  AWSCore: 11e8bb89d8d2e3bb6e31caa8b944ca7dae4c87cd

PODFILE CHECKSUM: c2dfa5440f6c6801934de6990e4da89fad0991c3

COCOAPODS: 1.7.5
