// !$*UTF8*$!
{
	archiveVersion = 1;
	classes = {
	};
	objectVersion = 51;
	objects = {

/* Begin PBXBuildFile section */
		944AD6AB216DE94D00B9D08D /* AppDelegate.swift in Sources */ = {isa = PBXBuildFile; fileRef = 944AD6AA216DE94D00B9D08D /* AppDelegate.swift */; };
		944AD6AD216DE94D00B9D08D /* ViewController.swift in Sources */ = {isa = PBXBuildFile; fileRef = 944AD6AC216DE94D00B9D08D /* ViewController.swift */; };
		944AD6B0216DE94D00B9D08D /* Main.storyboard in Resources */ = {isa = PBXBuildFile; fileRef = 944AD6AE216DE94D00B9D08D /* Main.storyboard */; };
		944AD6B2216DE94F00B9D08D /* Assets.xcassets in Resources */ = {isa = PBXBuildFile; fileRef = 944AD6B1216DE94F00B9D08D /* Assets.xcassets */; };
		944AD6B5216DE94F00B9D08D /* LaunchScreen.storyboard in Resources */ = {isa = PBXBuildFile; fileRef = 944AD6B3216DE94F00B9D08D /* LaunchScreen.storyboard */; };
		944AD6BD216DEA2100B9D08D /* MediatedAd.swift in Sources */ = {isa = PBXBuildFile; fileRef = 944AD6BC216DEA2100B9D08D /* MediatedAd.swift */; };
		DBE8B4157F602C412B789D5A /* Pods_adsolutions_ios_AdMediation.framework in Frameworks */ = {isa = PBXBuildFile; fileRef = 0CBBCAEC2420CC3B12C0A05D /* Pods_adsolutions_ios_AdMediation.framework */; };
/* End PBXBuildFile section */

/* Begin PBXCopyFilesBuildPhase section */
		AD88D9662328E904009CC65C /* Embed Frameworks */ = {
			isa = PBXCopyFilesBuildPhase;
			buildActionMask = 2147483647;
			dstPath = "";
			dstSubfolderSpec = 10;
			files = (
			);
			name = "Embed Frameworks";
			runOnlyForDeploymentPostprocessing = 0;
		};
/* End PBXCopyFilesBuildPhase section */

/* Begin PBXFileReference section */
		0CBBCAEC2420CC3B12C0A05D /* Pods_adsolutions_ios_AdMediation.framework */ = {isa = PBXFileReference; explicitFileType = wrapper.framework; includeInIndex = 0; path = Pods_adsolutions_ios_AdMediation.framework; sourceTree = BUILT_PRODUCTS_DIR; };
		3AA335971DEDB531DF918337 /* Pods-adsolutions-ios-AdMediation.debug.xcconfig */ = {isa = PBXFileReference; includeInIndex = 1; lastKnownFileType = text.xcconfig; name = "Pods-adsolutions-ios-AdMediation.debug.xcconfig"; path = "Pods/Target Support Files/Pods-adsolutions-ios-AdMediation/Pods-adsolutions-ios-AdMediation.debug.xcconfig"; sourceTree = "<group>"; };
		416DD461FB9111A8E262BE20 /* Pods-adsolutions-ios-AdMediation.release.xcconfig */ = {isa = PBXFileReference; includeInIndex = 1; lastKnownFileType = text.xcconfig; name = "Pods-adsolutions-ios-AdMediation.release.xcconfig"; path = "Pods/Target Support Files/Pods-adsolutions-ios-AdMediation/Pods-adsolutions-ios-AdMediation.release.xcconfig"; sourceTree = "<group>"; };
		944AD6A7216DE94D00B9D08D /* adsolutions-ios-AdMediation.app */ = {isa = PBXFileReference; explicitFileType = wrapper.application; includeInIndex = 0; path = "adsolutions-ios-AdMediation.app"; sourceTree = BUILT_PRODUCTS_DIR; };
		944AD6AA216DE94D00B9D08D /* AppDelegate.swift */ = {isa = PBXFileReference; lastKnownFileType = sourcecode.swift; path = AppDelegate.swift; sourceTree = "<group>"; };
		944AD6AC216DE94D00B9D08D /* ViewController.swift */ = {isa = PBXFileReference; lastKnownFileType = sourcecode.swift; path = ViewController.swift; sourceTree = "<group>"; };
		944AD6AF216DE94D00B9D08D /* Base */ = {isa = PBXFileReference; lastKnownFileType = file.storyboard; name = Base; path = Base.lproj/Main.storyboard; sourceTree = "<group>"; };
		944AD6B1216DE94F00B9D08D /* Assets.xcassets */ = {isa = PBXFileReference; lastKnownFileType = folder.assetcatalog; path = Assets.xcassets; sourceTree = "<group>"; };
		944AD6B4216DE94F00B9D08D /* Base */ = {isa = PBXFileReference; lastKnownFileType = file.storyboard; name = Base; path = Base.lproj/LaunchScreen.storyboard; sourceTree = "<group>"; };
		944AD6B6216DE94F00B9D08D /* Info.plist */ = {isa = PBXFileReference; lastKnownFileType = text.plist.xml; path = Info.plist; sourceTree = "<group>"; };
		944AD6BC216DEA2100B9D08D /* MediatedAd.swift */ = {isa = PBXFileReference; fileEncoding = 4; lastKnownFileType = sourcecode.swift; path = MediatedAd.swift; sourceTree = "<group>"; };
/* End PBXFileReference section */

/* Begin PBXFrameworksBuildPhase section */
		944AD6A4216DE94D00B9D08D /* Frameworks */ = {
			isa = PBXFrameworksBuildPhase;
			buildActionMask = 2147483647;
			files = (
				DBE8B4157F602C412B789D5A /* Pods_adsolutions_ios_AdMediation.framework in Frameworks */,
			);
			runOnlyForDeploymentPostprocessing = 0;
		};
/* End PBXFrameworksBuildPhase section */

/* Begin PBXGroup section */
		1FDE2925B209BEAF12C8F081 /* Pods */ = {
			isa = PBXGroup;
			children = (
				3AA335971DEDB531DF918337 /* Pods-adsolutions-ios-AdMediation.debug.xcconfig */,
				416DD461FB9111A8E262BE20 /* Pods-adsolutions-ios-AdMediation.release.xcconfig */,
			);
			name = Pods;
			sourceTree = "<group>";
		};
		68787A48F1F8AA5B72DE48B9 /* Frameworks */ = {
			isa = PBXGroup;
			children = (
				0CBBCAEC2420CC3B12C0A05D /* Pods_adsolutions_ios_AdMediation.framework */,
			);
			name = Frameworks;
			sourceTree = "<group>";
		};
		944AD69E216DE94D00B9D08D = {
			isa = PBXGroup;
			children = (
				944AD6A9216DE94D00B9D08D /* adsolutions-ios-AdMediation */,
				944AD6A8216DE94D00B9D08D /* Products */,
				1FDE2925B209BEAF12C8F081 /* Pods */,
				68787A48F1F8AA5B72DE48B9 /* Frameworks */,
			);
			sourceTree = "<group>";
		};
		944AD6A8216DE94D00B9D08D /* Products */ = {
			isa = PBXGroup;
			children = (
				944AD6A7216DE94D00B9D08D /* adsolutions-ios-AdMediation.app */,
			);
			name = Products;
			sourceTree = "<group>";
		};
		944AD6A9216DE94D00B9D08D /* adsolutions-ios-AdMediation */ = {
			isa = PBXGroup;
			children = (
				944AD6BC216DEA2100B9D08D /* MediatedAd.swift */,
				944AD6AA216DE94D00B9D08D /* AppDelegate.swift */,
				944AD6AC216DE94D00B9D08D /* ViewController.swift */,
				944AD6AE216DE94D00B9D08D /* Main.storyboard */,
				944AD6B1216DE94F00B9D08D /* Assets.xcassets */,
				944AD6B3216DE94F00B9D08D /* LaunchScreen.storyboard */,
				944AD6B6216DE94F00B9D08D /* Info.plist */,
			);
			path = "adsolutions-ios-AdMediation";
			sourceTree = "<group>";
		};
/* End PBXGroup section */

/* Begin PBXNativeTarget section */
		944AD6A6216DE94D00B9D08D /* adsolutions-ios-AdMediation */ = {
			isa = PBXNativeTarget;
			buildConfigurationList = 944AD6B9216DE94F00B9D08D /* Build configuration list for PBXNativeTarget "adsolutions-ios-AdMediation" */;
			buildPhases = (
				6A4FC6DCA36470BC37E5B14F /* [CP] Check Pods Manifest.lock */,
				944AD6A3216DE94D00B9D08D /* Sources */,
				944AD6A4216DE94D00B9D08D /* Frameworks */,
				944AD6A5216DE94D00B9D08D /* Resources */,
				BD75244AB9CDA398F67B8F75 /* [CP] Embed Pods Frameworks */,
				AD88D9662328E904009CC65C /* Embed Frameworks */,
				CACB4F93B66F615811B89E6D /* [CP] Copy Pods Resources */,
			);
			buildRules = (
			);
			dependencies = (
			);
			name = "adsolutions-ios-AdMediation";
			productName = "adsolutions-ios-AdMediation";
			productReference = 944AD6A7216DE94D00B9D08D /* adsolutions-ios-AdMediation.app */;
			productType = "com.apple.product-type.application";
		};
/* End PBXNativeTarget section */

/* Begin PBXProject section */
		944AD69F216DE94D00B9D08D /* Project object */ = {
			isa = PBXProject;
			attributes = {
				LastSwiftUpdateCheck = 1000;
				LastUpgradeCheck = 1000;
				ORGANIZATIONNAME = "Spring Media";
				TargetAttributes = {
					944AD6A6216DE94D00B9D08D = {
						CreatedOnToolsVersion = 10.0;
						LastSwiftMigration = 1110;
					};
				};
			};
			buildConfigurationList = 944AD6A2216DE94D00B9D08D /* Build configuration list for PBXProject "adsolutions-ios-AdMediation" */;
			compatibilityVersion = "Xcode 9.3";
			developmentRegion = en;
			hasScannedForEncodings = 0;
			knownRegions = (
				en,
				Base,
			);
			mainGroup = 944AD69E216DE94D00B9D08D;
			productRefGroup = 944AD6A8216DE94D00B9D08D /* Products */;
			projectDirPath = "";
			projectRoot = "";
			targets = (
				944AD6A6216DE94D00B9D08D /* adsolutions-ios-AdMediation */,
			);
		};
/* End PBXProject section */

/* Begin PBXResourcesBuildPhase section */
		944AD6A5216DE94D00B9D08D /* Resources */ = {
			isa = PBXResourcesBuildPhase;
			buildActionMask = 2147483647;
			files = (
				944AD6B5216DE94F00B9D08D /* LaunchScreen.storyboard in Resources */,
				944AD6B2216DE94F00B9D08D /* Assets.xcassets in Resources */,
				944AD6B0216DE94D00B9D08D /* Main.storyboard in Resources */,
			);
			runOnlyForDeploymentPostprocessing = 0;
		};
/* End PBXResourcesBuildPhase section */

/* Begin PBXShellScriptBuildPhase section */
		6A4FC6DCA36470BC37E5B14F /* [CP] Check Pods Manifest.lock */ = {
			isa = PBXShellScriptBuildPhase;
			buildActionMask = 2147483647;
			files = (
			);
			inputFileListPaths = (
			);
			inputPaths = (
				"${PODS_PODFILE_DIR_PATH}/Podfile.lock",
				"${PODS_ROOT}/Manifest.lock",
			);
			name = "[CP] Check Pods Manifest.lock";
			outputFileListPaths = (
			);
			outputPaths = (
				"$(DERIVED_FILE_DIR)/Pods-adsolutions-ios-AdMediation-checkManifestLockResult.txt",
			);
			runOnlyForDeploymentPostprocessing = 0;
			shellPath = /bin/sh;
			shellScript = "diff \"${PODS_PODFILE_DIR_PATH}/Podfile.lock\" \"${PODS_ROOT}/Manifest.lock\" > /dev/null\nif [ $? != 0 ] ; then\n    # print error to STDERR\n    echo \"error: The sandbox is not in sync with the Podfile.lock. Run 'pod install' or update your CocoaPods installation.\" >&2\n    exit 1\nfi\n# This output is used by Xcode 'outputs' to avoid re-running this script phase.\necho \"SUCCESS\" > \"${SCRIPT_OUTPUT_FILE_0}\"\n";
			showEnvVarsInLog = 0;
		};
		BD75244AB9CDA398F67B8F75 /* [CP] Embed Pods Frameworks */ = {
			isa = PBXShellScriptBuildPhase;
			buildActionMask = 2147483647;
			files = (
			);
			inputFileListPaths = (
				"${PODS_ROOT}/Target Support Files/Pods-adsolutions-ios-AdMediation/Pods-adsolutions-ios-AdMediation-frameworks-${CONFIGURATION}-input-files.xcfilelist",
			);
			name = "[CP] Embed Pods Frameworks";
			outputFileListPaths = (
				"${PODS_ROOT}/Target Support Files/Pods-adsolutions-ios-AdMediation/Pods-adsolutions-ios-AdMediation-frameworks-${CONFIGURATION}-output-files.xcfilelist",
			);
			runOnlyForDeploymentPostprocessing = 0;
			shellPath = /bin/sh;
			shellScript = "\"${PODS_ROOT}/Target Support Files/Pods-adsolutions-ios-AdMediation/Pods-adsolutions-ios-AdMediation-frameworks.sh\"\n";
			showEnvVarsInLog = 0;
		};
		CACB4F93B66F615811B89E6D /* [CP] Copy Pods Resources */ = {
			isa = PBXShellScriptBuildPhase;
			buildActionMask = 2147483647;
			files = (
			);
			inputFileListPaths = (
				"${PODS_ROOT}/Target Support Files/Pods-adsolutions-ios-AdMediation/Pods-adsolutions-ios-AdMediation-resources-${CONFIGURATION}-input-files.xcfilelist",
			);
			name = "[CP] Copy Pods Resources";
			outputFileListPaths = (
				"${PODS_ROOT}/Target Support Files/Pods-adsolutions-ios-AdMediation/Pods-adsolutions-ios-AdMediation-resources-${CONFIGURATION}-output-files.xcfilelist",
			);
			runOnlyForDeploymentPostprocessing = 0;
			shellPath = /bin/sh;
			shellScript = "\"${PODS_ROOT}/Target Support Files/Pods-adsolutions-ios-AdMediation/Pods-adsolutions-ios-AdMediation-resources.sh\"\n";
			showEnvVarsInLog = 0;
		};
/* End PBXShellScriptBuildPhase section */

/* Begin PBXSourcesBuildPhase section */
		944AD6A3216DE94D00B9D08D /* Sources */ = {
			isa = PBXSourcesBuildPhase;
			buildActionMask = 2147483647;
			files = (
				944AD6AD216DE94D00B9D08D /* ViewController.swift in Sources */,
				944AD6AB216DE94D00B9D08D /* AppDelegate.swift in Sources */,
				944AD6BD216DEA2100B9D08D /* MediatedAd.swift in Sources */,
			);
			runOnlyForDeploymentPostprocessing = 0;
		};
/* End PBXSourcesBuildPhase section */

/* Begin PBXVariantGroup section */
		944AD6AE216DE94D00B9D08D /* Main.storyboard */ = {
			isa = PBXVariantGroup;
			children = (
				944AD6AF216DE94D00B9D08D /* Base */,
			);
			name = Main.storyboard;
			sourceTree = "<group>";
		};
		944AD6B3216DE94F00B9D08D /* LaunchScreen.storyboard */ = {
			isa = PBXVariantGroup;
			children = (
				944AD6B4216DE94F00B9D08D /* Base */,
			);
			name = LaunchScreen.storyboard;
			sourceTree = "<group>";
		};
/* End PBXVariantGroup section */

/* Begin XCBuildConfiguration section */
		944AD6B7216DE94F00B9D08D /* Debug */ = {
			isa = XCBuildConfiguration;
			buildSettings = {
				ALWAYS_SEARCH_USER_PATHS = NO;
				CLANG_ANALYZER_NONNULL = YES;
				CLANG_ANALYZER_NUMBER_OBJECT_CONVERSION = YES_AGGRESSIVE;
				CLANG_CXX_LANGUAGE_STANDARD = "gnu++14";
				CLANG_CXX_LIBRARY = "libc++";
				CLANG_ENABLE_MODULES = YES;
				CLANG_ENABLE_OBJC_ARC = YES;
				CLANG_ENABLE_OBJC_WEAK = YES;
				CLANG_WARN_BLOCK_CAPTURE_AUTORELEASING = YES;
				CLANG_WARN_BOOL_CONVERSION = YES;
				CLANG_WARN_COMMA = YES;
				CLANG_WARN_CONSTANT_CONVERSION = YES;
				CLANG_WARN_DEPRECATED_OBJC_IMPLEMENTATIONS = YES;
				CLANG_WARN_DIRECT_OBJC_ISA_USAGE = YES_ERROR;
				CLANG_WARN_DOCUMENTATION_COMMENTS = YES;
				CLANG_WARN_EMPTY_BODY = YES;
				CLANG_WARN_ENUM_CONVERSION = YES;
				CLANG_WARN_INFINITE_RECURSION = YES;
				CLANG_WARN_INT_CONVERSION = YES;
				CLANG_WARN_NON_LITERAL_NULL_CONVERSION = YES;
				CLANG_WARN_OBJC_IMPLICIT_RETAIN_SELF = YES;
				CLANG_WARN_OBJC_LITERAL_CONVERSION = YES;
				CLANG_WARN_OBJC_ROOT_CLASS = YES_ERROR;
				CLANG_WARN_RANGE_LOOP_ANALYSIS = YES;
				CLANG_WARN_STRICT_PROTOTYPES = YES;
				CLANG_WARN_SUSPICIOUS_MOVE = YES;
				CLANG_WARN_UNGUARDED_AVAILABILITY = YES_AGGRESSIVE;
				CLANG_WARN_UNREACHABLE_CODE = YES;
				CLANG_WARN__DUPLICATE_METHOD_MATCH = YES;
				CODE_SIGN_IDENTITY = "iPhone Developer";
				COPY_PHASE_STRIP = NO;
				DEBUG_INFORMATION_FORMAT = dwarf;
				ENABLE_STRICT_OBJC_MSGSEND = YES;
				ENABLE_TESTABILITY = YES;
				GCC_C_LANGUAGE_STANDARD = gnu11;
				GCC_DYNAMIC_NO_PIC = NO;
				GCC_NO_COMMON_BLOCKS = YES;
				GCC_OPTIMIZATION_LEVEL = 0;
				GCC_PREPROCESSOR_DEFINITIONS = (
					"DEBUG=1",
					"$(inherited)",
				);
				GCC_WARN_64_TO_32_BIT_CONVERSION = YES;
				GCC_WARN_ABOUT_RETURN_TYPE = YES_ERROR;
				GCC_WARN_UNDECLARED_SELECTOR = YES;
				GCC_WARN_UNINITIALIZED_AUTOS = YES_AGGRESSIVE;
				GCC_WARN_UNUSED_FUNCTION = YES;
				GCC_WARN_UNUSED_VARIABLE = YES;
				IPHONEOS_DEPLOYMENT_TARGET = 12.4;
				MTL_ENABLE_DEBUG_INFO = INCLUDE_SOURCE;
				MTL_FAST_MATH = YES;
				ONLY_ACTIVE_ARCH = YES;
				SDKROOT = iphoneos;
				SWIFT_ACTIVE_COMPILATION_CONDITIONS = DEBUG;
				SWIFT_OPTIMIZATION_LEVEL = "-Onone";
			};
			name = Debug;
		};
		944AD6B8216DE94F00B9D08D /* Release */ = {
			isa = XCBuildConfiguration;
			buildSettings = {
				ALWAYS_SEARCH_USER_PATHS = NO;
				CLANG_ANALYZER_NONNULL = YES;
				CLANG_ANALYZER_NUMBER_OBJECT_CONVERSION = YES_AGGRESSIVE;
				CLANG_CXX_LANGUAGE_STANDARD = "gnu++14";
				CLANG_CXX_LIBRARY = "libc++";
				CLANG_ENABLE_MODULES = YES;
				CLANG_ENABLE_OBJC_ARC = YES;
				CLANG_ENABLE_OBJC_WEAK = YES;
				CLANG_WARN_BLOCK_CAPTURE_AUTORELEASING = YES;
				CLANG_WARN_BOOL_CONVERSION = YES;
				CLANG_WARN_COMMA = YES;
				CLANG_WARN_CONSTANT_CONVERSION = YES;
				CLANG_WARN_DEPRECATED_OBJC_IMPLEMENTATIONS = YES;
				CLANG_WARN_DIRECT_OBJC_ISA_USAGE = YES_ERROR;
				CLANG_WARN_DOCUMENTATION_COMMENTS = YES;
				CLANG_WARN_EMPTY_BODY = YES;
				CLANG_WARN_ENUM_CONVERSION = YES;
				CLANG_WARN_INFINITE_RECURSION = YES;
				CLANG_WARN_INT_CONVERSION = YES;
				CLANG_WARN_NON_LITERAL_NULL_CONVERSION = YES;
				CLANG_WARN_OBJC_IMPLICIT_RETAIN_SELF = YES;
				CLANG_WARN_OBJC_LITERAL_CONVERSION = YES;
				CLANG_WARN_OBJC_ROOT_CLASS = YES_ERROR;
				CLANG_WARN_RANGE_LOOP_ANALYSIS = YES;
				CLANG_WARN_STRICT_PROTOTYPES = YES;
				CLANG_WARN_SUSPICIOUS_MOVE = YES;
				CLANG_WARN_UNGUARDED_AVAILABILITY = YES_AGGRESSIVE;
				CLANG_WARN_UNREACHABLE_CODE = YES;
				CLANG_WARN__DUPLICATE_METHOD_MATCH = YES;
				CODE_SIGN_IDENTITY = "iPhone Developer";
				COPY_PHASE_STRIP = NO;
				DEBUG_INFORMATION_FORMAT = "dwarf-with-dsym";
				ENABLE_NS_ASSERTIONS = NO;
				ENABLE_STRICT_OBJC_MSGSEND = YES;
				GCC_C_LANGUAGE_STANDARD = gnu11;
				GCC_NO_COMMON_BLOCKS = YES;
				GCC_WARN_64_TO_32_BIT_CONVERSION = YES;
				GCC_WARN_ABOUT_RETURN_TYPE = YES_ERROR;
				GCC_WARN_UNDECLARED_SELECTOR = YES;
				GCC_WARN_UNINITIALIZED_AUTOS = YES_AGGRESSIVE;
				GCC_WARN_UNUSED_FUNCTION = YES;
				GCC_WARN_UNUSED_VARIABLE = YES;
				IPHONEOS_DEPLOYMENT_TARGET = 12.4;
				MTL_ENABLE_DEBUG_INFO = NO;
				MTL_FAST_MATH = YES;
				SDKROOT = iphoneos;
				SWIFT_COMPILATION_MODE = wholemodule;
				SWIFT_OPTIMIZATION_LEVEL = "-O";
				VALIDATE_PRODUCT = YES;
			};
			name = Release;
		};
		944AD6BA216DE94F00B9D08D /* Debug */ = {
			isa = XCBuildConfiguration;
			baseConfigurationReference = 3AA335971DEDB531DF918337 /* Pods-adsolutions-ios-AdMediation.debug.xcconfig */;
			buildSettings = {
				ASSETCATALOG_COMPILER_APPICON_NAME = AppIcon;
				CODE_SIGN_STYLE = Automatic;
				FRAMEWORK_SEARCH_PATHS = (
					"$(inherited)",
					"$(PROJECT_DIR)",
				);
				INFOPLIST_FILE = "adsolutions-ios-AdMediation/Info.plist";
				LD_RUNPATH_SEARCH_PATHS = (
					"$(inherited)",
					"@executable_path/Frameworks",
				);
				PRODUCT_BUNDLE_IDENTIFIER = "com.spring.adtechnology.adsolutions-ios-AdMediation";
				PRODUCT_NAME = "$(TARGET_NAME)";
				SWIFT_VERSION = 5.0;
				TARGETED_DEVICE_FAMILY = "1,2";
			};
			name = Debug;
		};
		944AD6BB216DE94F00B9D08D /* Release */ = {
			isa = XCBuildConfiguration;
			baseConfigurationReference = 416DD461FB9111A8E262BE20 /* Pods-adsolutions-ios-AdMediation.release.xcconfig */;
			buildSettings = {
				ASSETCATALOG_COMPILER_APPICON_NAME = AppIcon;
				CODE_SIGN_STYLE = Automatic;
				FRAMEWORK_SEARCH_PATHS = (
					"$(inherited)",
					"$(PROJECT_DIR)",
				);
				INFOPLIST_FILE = "adsolutions-ios-AdMediation/Info.plist";
				LD_RUNPATH_SEARCH_PATHS = (
					"$(inherited)",
					"@executable_path/Frameworks",
				);
				PRODUCT_BUNDLE_IDENTIFIER = "com.spring.adtechnology.adsolutions-ios-AdMediation";
				PRODUCT_NAME = "$(TARGET_NAME)";
				SWIFT_VERSION = 5.0;
				TARGETED_DEVICE_FAMILY = "1,2";
			};
			name = Release;
		};
/* End XCBuildConfiguration section */

/* Begin XCConfigurationList section */
		944AD6A2216DE94D00B9D08D /* Build configuration list for PBXProject "adsolutions-ios-AdMediation" */ = {
			isa = XCConfigurationList;
			buildConfigurations = (
				944AD6B7216DE94F00B9D08D /* Debug */,
				944AD6B8216DE94F00B9D08D /* Release */,
			);
			defaultConfigurationIsVisible = 0;
			defaultConfigurationName = Release;
		};
		944AD6B9216DE94F00B9D08D /* Build configuration list for PBXNativeTarget "adsolutions-ios-AdMediation" */ = {
			isa = XCConfigurationList;
			buildConfigurations = (
				944AD6BA216DE94F00B9D08D /* Debug */,
				944AD6BB216DE94F00B9D08D /* Release */,
			);
			defaultConfigurationIsVisible = 0;
			defaultConfigurationName = Release;
		};
/* End XCConfigurationList section */
	};
	rootObject = 944AD69F216DE94D00B9D08D /* Project object */;
}
